// !$*UTF8*$!
{
	archiveVersion = 1;
	classes = {
	};
	objectVersion = 55;
	objects = {

/* Begin PBXBuildFile section */
		221431DD278DDA09005695C1 /* MessageBubble.swift in Sources */ = {isa = PBXBuildFile; fileRef = 221431DC278DDA09005695C1 /* MessageBubble.swift */; };
		221431E0278DDD54005695C1 /* Message.swift in Sources */ = {isa = PBXBuildFile; fileRef = 221431DF278DDD54005695C1 /* Message.swift */; };
		221431E2278DE0F4005695C1 /* TitleRow.swift in Sources */ = {isa = PBXBuildFile; fileRef = 221431E1278DE0F4005695C1 /* TitleRow.swift */; };
		221431E4278DEA66005695C1 /* MessageField.swift in Sources */ = {isa = PBXBuildFile; fileRef = 221431E3278DEA66005695C1 /* MessageField.swift */; };
		221431E6278DF4FF005695C1 /* Extensions.swift in Sources */ = {isa = PBXBuildFile; fileRef = 221431E5278DF4FF005695C1 /* Extensions.swift */; };
		221431ED278E36C0005695C1 /* MessagesManager.swift in Sources */ = {isa = PBXBuildFile; fileRef = 221431EC278E36C0005695C1 /* MessagesManager.swift */; };
		22F00B99278CE6DA00F23D14 /* ChatAppApp.swift in Sources */ = {isa = PBXBuildFile; fileRef = 22F00B98278CE6DA00F23D14 /* ChatAppApp.swift */; };
		22F00B9B278CE6DA00F23D14 /* ContentView.swift in Sources */ = {isa = PBXBuildFile; fileRef = 22F00B9A278CE6DA00F23D14 /* ContentView.swift */; };
		22F00B9D278CE6DB00F23D14 /* Assets.xcassets in Resources */ = {isa = PBXBuildFile; fileRef = 22F00B9C278CE6DB00F23D14 /* Assets.xcassets */; };
		22F00BA0278CE6DB00F23D14 /* Preview Assets.xcassets in Resources */ = {isa = PBXBuildFile; fileRef = 22F00B9F278CE6DB00F23D14 /* Preview Assets.xcassets */; };
		E84067462BC93E4900BA6CDC /* GoogleService-Info.plist in Resources */ = {isa = PBXBuildFile; fileRef = E84067452BC93E4900BA6CDC /* GoogleService-Info.plist */; };
		E89085992BC9437300A5E27B /* FirebaseAnalytics in Frameworks */ = {isa = PBXBuildFile; productRef = E89085982BC9437300A5E27B /* FirebaseAnalytics */; };
		E890859B2BC9437300A5E27B /* FirebaseAnalyticsOnDeviceConversion in Frameworks */ = {isa = PBXBuildFile; productRef = E890859A2BC9437300A5E27B /* FirebaseAnalyticsOnDeviceConversion */; };
		E890859D2BC9437300A5E27B /* FirebaseAnalyticsSwift in Frameworks */ = {isa = PBXBuildFile; productRef = E890859C2BC9437300A5E27B /* FirebaseAnalyticsSwift */; };
		E890859F2BC9437300A5E27B /* FirebaseAnalyticsWithoutAdIdSupport in Frameworks */ = {isa = PBXBuildFile; productRef = E890859E2BC9437300A5E27B /* FirebaseAnalyticsWithoutAdIdSupport */; };
		E89085A12BC9437300A5E27B /* FirebaseAppCheck in Frameworks */ = {isa = PBXBuildFile; productRef = E89085A02BC9437300A5E27B /* FirebaseAppCheck */; };
		E89085A32BC9437300A5E27B /* FirebaseAppDistribution-Beta in Frameworks */ = {isa = PBXBuildFile; productRef = E89085A22BC9437300A5E27B /* FirebaseAppDistribution-Beta */; };
		E89085A52BC9437300A5E27B /* FirebaseAuth in Frameworks */ = {isa = PBXBuildFile; productRef = E89085A42BC9437300A5E27B /* FirebaseAuth */; };
		E89085A72BC9437300A5E27B /* FirebaseAuthCombine-Community in Frameworks */ = {isa = PBXBuildFile; productRef = E89085A62BC9437300A5E27B /* FirebaseAuthCombine-Community */; };
		E89085A92BC9437300A5E27B /* FirebaseCrashlytics in Frameworks */ = {isa = PBXBuildFile; productRef = E89085A82BC9437300A5E27B /* FirebaseCrashlytics */; };
		E89085AB2BC9437300A5E27B /* FirebaseDatabase in Frameworks */ = {isa = PBXBuildFile; productRef = E89085AA2BC9437300A5E27B /* FirebaseDatabase */; };
		E89085AD2BC9437300A5E27B /* FirebaseDatabaseSwift in Frameworks */ = {isa = PBXBuildFile; productRef = E89085AC2BC9437300A5E27B /* FirebaseDatabaseSwift */; };
		E89085AF2BC9437300A5E27B /* FirebaseDynamicLinks in Frameworks */ = {isa = PBXBuildFile; productRef = E89085AE2BC9437300A5E27B /* FirebaseDynamicLinks */; };
		E89085B12BC9437300A5E27B /* FirebaseFirestore in Frameworks */ = {isa = PBXBuildFile; productRef = E89085B02BC9437300A5E27B /* FirebaseFirestore */; };
		E89085B32BC9437300A5E27B /* FirebaseFirestoreCombine-Community in Frameworks */ = {isa = PBXBuildFile; productRef = E89085B22BC9437300A5E27B /* FirebaseFirestoreCombine-Community */; };
		E89085B52BC9437300A5E27B /* FirebaseFirestoreSwift in Frameworks */ = {isa = PBXBuildFile; productRef = E89085B42BC9437300A5E27B /* FirebaseFirestoreSwift */; };
		E89085B72BC9437300A5E27B /* FirebaseFunctions in Frameworks */ = {isa = PBXBuildFile; productRef = E89085B62BC9437300A5E27B /* FirebaseFunctions */; };
		E89085B92BC9437300A5E27B /* FirebaseFunctionsCombine-Community in Frameworks */ = {isa = PBXBuildFile; productRef = E89085B82BC9437300A5E27B /* FirebaseFunctionsCombine-Community */; };
		E89085BB2BC9437300A5E27B /* FirebaseInAppMessaging-Beta in Frameworks */ = {isa = PBXBuildFile; productRef = E89085BA2BC9437300A5E27B /* FirebaseInAppMessaging-Beta */; };
		E89085BD2BC9437300A5E27B /* FirebaseInAppMessagingSwift-Beta in Frameworks */ = {isa = PBXBuildFile; productRef = E89085BC2BC9437300A5E27B /* FirebaseInAppMessagingSwift-Beta */; };
		E89085BF2BC9437300A5E27B /* FirebaseInstallations in Frameworks */ = {isa = PBXBuildFile; productRef = E89085BE2BC9437300A5E27B /* FirebaseInstallations */; };
		E89085C12BC9437300A5E27B /* FirebaseMLModelDownloader in Frameworks */ = {isa = PBXBuildFile; productRef = E89085C02BC9437300A5E27B /* FirebaseMLModelDownloader */; };
		E89085C32BC9437300A5E27B /* FirebaseMessaging in Frameworks */ = {isa = PBXBuildFile; productRef = E89085C22BC9437300A5E27B /* FirebaseMessaging */; };
		E89085C52BC9437300A5E27B /* FirebasePerformance in Frameworks */ = {isa = PBXBuildFile; productRef = E89085C42BC9437300A5E27B /* FirebasePerformance */; };
		E89085C72BC9437300A5E27B /* FirebaseRemoteConfig in Frameworks */ = {isa = PBXBuildFile; productRef = E89085C62BC9437300A5E27B /* FirebaseRemoteConfig */; };
		E89085C92BC9437300A5E27B /* FirebaseRemoteConfigSwift in Frameworks */ = {isa = PBXBuildFile; productRef = E89085C82BC9437300A5E27B /* FirebaseRemoteConfigSwift */; };
		E89085CB2BC9437300A5E27B /* FirebaseStorage in Frameworks */ = {isa = PBXBuildFile; productRef = E89085CA2BC9437300A5E27B /* FirebaseStorage */; };
		E89085CD2BC9437300A5E27B /* FirebaseStorageCombine-Community in Frameworks */ = {isa = PBXBuildFile; productRef = E89085CC2BC9437300A5E27B /* FirebaseStorageCombine-Community */; };
/* End PBXBuildFile section */

/* Begin PBXFileReference section */
		221431DC278DDA09005695C1 /* MessageBubble.swift */ = {isa = PBXFileReference; lastKnownFileType = sourcecode.swift; path = MessageBubble.swift; sourceTree = "<group>"; };
		221431DF278DDD54005695C1 /* Message.swift */ = {isa = PBXFileReference; lastKnownFileType = sourcecode.swift; path = Message.swift; sourceTree = "<group>"; };
		221431E1278DE0F4005695C1 /* TitleRow.swift */ = {isa = PBXFileReference; lastKnownFileType = sourcecode.swift; path = TitleRow.swift; sourceTree = "<group>"; };
		221431E3278DEA66005695C1 /* MessageField.swift */ = {isa = PBXFileReference; lastKnownFileType = sourcecode.swift; path = MessageField.swift; sourceTree = "<group>"; };
		221431E5278DF4FF005695C1 /* Extensions.swift */ = {isa = PBXFileReference; lastKnownFileType = sourcecode.swift; path = Extensions.swift; sourceTree = "<group>"; };
		221431EC278E36C0005695C1 /* MessagesManager.swift */ = {isa = PBXFileReference; lastKnownFileType = sourcecode.swift; path = MessagesManager.swift; sourceTree = "<group>"; };
		22F00B95278CE6DA00F23D14 /* ChatApp.app */ = {isa = PBXFileReference; explicitFileType = wrapper.application; includeInIndex = 0; path = ChatApp.app; sourceTree = BUILT_PRODUCTS_DIR; };
		22F00B98278CE6DA00F23D14 /* ChatAppApp.swift */ = {isa = PBXFileReference; lastKnownFileType = sourcecode.swift; path = ChatAppApp.swift; sourceTree = "<group>"; };
		22F00B9A278CE6DA00F23D14 /* ContentView.swift */ = {isa = PBXFileReference; lastKnownFileType = sourcecode.swift; path = ContentView.swift; sourceTree = "<group>"; };
		22F00B9C278CE6DB00F23D14 /* Assets.xcassets */ = {isa = PBXFileReference; lastKnownFileType = folder.assetcatalog; path = Assets.xcassets; sourceTree = "<group>"; };
		22F00B9F278CE6DB00F23D14 /* Preview Assets.xcassets */ = {isa = PBXFileReference; lastKnownFileType = folder.assetcatalog; path = "Preview Assets.xcassets"; sourceTree = "<group>"; };
		E84067452BC93E4900BA6CDC /* GoogleService-Info.plist */ = {isa = PBXFileReference; fileEncoding = 4; lastKnownFileType = text.plist.xml; path = "GoogleService-Info.plist"; sourceTree = "<group>"; };
/* End PBXFileReference section */

/* Begin PBXFrameworksBuildPhase section */
		22F00B92278CE6DA00F23D14 /* Frameworks */ = {
			isa = PBXFrameworksBuildPhase;
			buildActionMask = 2147483647;
			files = (
				E89085AB2BC9437300A5E27B /* FirebaseDatabase in Frameworks */,
				E89085B92BC9437300A5E27B /* FirebaseFunctionsCombine-Community in Frameworks */,
				E89085B12BC9437300A5E27B /* FirebaseFirestore in Frameworks */,
				E890859D2BC9437300A5E27B /* FirebaseAnalyticsSwift in Frameworks */,
				E89085992BC9437300A5E27B /* FirebaseAnalytics in Frameworks */,
				E890859B2BC9437300A5E27B /* FirebaseAnalyticsOnDeviceConversion in Frameworks */,
				E89085C12BC9437300A5E27B /* FirebaseMLModelDownloader in Frameworks */,
				E89085B52BC9437300A5E27B /* FirebaseFirestoreSwift in Frameworks */,
				E89085A12BC9437300A5E27B /* FirebaseAppCheck in Frameworks */,
				E890859F2BC9437300A5E27B /* FirebaseAnalyticsWithoutAdIdSupport in Frameworks */,
				E89085A52BC9437300A5E27B /* FirebaseAuth in Frameworks */,
				E89085A92BC9437300A5E27B /* FirebaseCrashlytics in Frameworks */,
				E89085C92BC9437300A5E27B /* FirebaseRemoteConfigSwift in Frameworks */,
				E89085BB2BC9437300A5E27B /* FirebaseInAppMessaging-Beta in Frameworks */,
				E89085AD2BC9437300A5E27B /* FirebaseDatabaseSwift in Frameworks */,
				E89085B72BC9437300A5E27B /* FirebaseFunctions in Frameworks */,
				E89085CD2BC9437300A5E27B /* FirebaseStorageCombine-Community in Frameworks */,
				E89085C72BC9437300A5E27B /* FirebaseRemoteConfig in Frameworks */,
				E89085A32BC9437300A5E27B /* FirebaseAppDistribution-Beta in Frameworks */,
				E89085A72BC9437300A5E27B /* FirebaseAuthCombine-Community in Frameworks */,
				E89085C52BC9437300A5E27B /* FirebasePerformance in Frameworks */,
				E89085BD2BC9437300A5E27B /* FirebaseInAppMessagingSwift-Beta in Frameworks */,
				E89085CB2BC9437300A5E27B /* FirebaseStorage in Frameworks */,
				E89085AF2BC9437300A5E27B /* FirebaseDynamicLinks in Frameworks */,
				E89085B32BC9437300A5E27B /* FirebaseFirestoreCombine-Community in Frameworks */,
				E89085C32BC9437300A5E27B /* FirebaseMessaging in Frameworks */,
				E89085BF2BC9437300A5E27B /* FirebaseInstallations in Frameworks */,
			);
			runOnlyForDeploymentPostprocessing = 0;
		};
/* End PBXFrameworksBuildPhase section */

/* Begin PBXGroup section */
		221431DB278DD9FB005695C1 /* Components */ = {
			isa = PBXGroup;
			children = (
				221431E1278DE0F4005695C1 /* TitleRow.swift */,
				221431DC278DDA09005695C1 /* MessageBubble.swift */,
				221431E3278DEA66005695C1 /* MessageField.swift */,
			);
			path = Components;
			sourceTree = "<group>";
		};
		221431DE278DDD4A005695C1 /* Models */ = {
			isa = PBXGroup;
			children = (
				221431DF278DDD54005695C1 /* Message.swift */,
			);
			path = Models;
			sourceTree = "<group>";
		};
		221431EE278E3A17005695C1 /* Frameworks */ = {
			isa = PBXGroup;
			children = (
			);
			name = Frameworks;
			sourceTree = "<group>";
		};
		22F00B8C278CE6DA00F23D14 = {
			isa = PBXGroup;
			children = (
				22F00B97278CE6DA00F23D14 /* ChatApp */,
				22F00B96278CE6DA00F23D14 /* Products */,
				221431EE278E3A17005695C1 /* Frameworks */,
			);
			sourceTree = "<group>";
		};
		22F00B96278CE6DA00F23D14 /* Products */ = {
			isa = PBXGroup;
			children = (
				22F00B95278CE6DA00F23D14 /* ChatApp.app */,
			);
			name = Products;
			sourceTree = "<group>";
		};
		22F00B97278CE6DA00F23D14 /* ChatApp */ = {
			isa = PBXGroup;
			children = (
				22F00B98278CE6DA00F23D14 /* ChatAppApp.swift */,
				22F00B9A278CE6DA00F23D14 /* ContentView.swift */,
				221431E5278DF4FF005695C1 /* Extensions.swift */,
				221431EC278E36C0005695C1 /* MessagesManager.swift */,
				E84067452BC93E4900BA6CDC /* GoogleService-Info.plist */,
				221431DE278DDD4A005695C1 /* Models */,
				221431DB278DD9FB005695C1 /* Components */,
				22F00B9C278CE6DB00F23D14 /* Assets.xcassets */,
				22F00B9E278CE6DB00F23D14 /* Preview Content */,
			);
			path = ChatApp;
			sourceTree = "<group>";
		};
		22F00B9E278CE6DB00F23D14 /* Preview Content */ = {
			isa = PBXGroup;
			children = (
				22F00B9F278CE6DB00F23D14 /* Preview Assets.xcassets */,
			);
			path = "Preview Content";
			sourceTree = "<group>";
		};
/* End PBXGroup section */

/* Begin PBXNativeTarget section */
		22F00B94278CE6DA00F23D14 /* ChatApp */ = {
			isa = PBXNativeTarget;
			buildConfigurationList = 22F00BA3278CE6DB00F23D14 /* Build configuration list for PBXNativeTarget "ChatApp" */;
			buildPhases = (
				22F00B91278CE6DA00F23D14 /* Sources */,
				22F00B92278CE6DA00F23D14 /* Frameworks */,
				22F00B93278CE6DA00F23D14 /* Resources */,
			);
			buildRules = (
			);
			dependencies = (
			);
			name = ChatApp;
			packageProductDependencies = (
				E89085982BC9437300A5E27B /* FirebaseAnalytics */,
				E890859A2BC9437300A5E27B /* FirebaseAnalyticsOnDeviceConversion */,
				E890859C2BC9437300A5E27B /* FirebaseAnalyticsSwift */,
				E890859E2BC9437300A5E27B /* FirebaseAnalyticsWithoutAdIdSupport */,
				E89085A02BC9437300A5E27B /* FirebaseAppCheck */,
				E89085A22BC9437300A5E27B /* FirebaseAppDistribution-Beta */,
				E89085A42BC9437300A5E27B /* FirebaseAuth */,
				E89085A62BC9437300A5E27B /* FirebaseAuthCombine-Community */,
				E89085A82BC9437300A5E27B /* FirebaseCrashlytics */,
				E89085AA2BC9437300A5E27B /* FirebaseDatabase */,
				E89085AC2BC9437300A5E27B /* FirebaseDatabaseSwift */,
				E89085AE2BC9437300A5E27B /* FirebaseDynamicLinks */,
				E89085B02BC9437300A5E27B /* FirebaseFirestore */,
				E89085B22BC9437300A5E27B /* FirebaseFirestoreCombine-Community */,
				E89085B42BC9437300A5E27B /* FirebaseFirestoreSwift */,
				E89085B62BC9437300A5E27B /* FirebaseFunctions */,
				E89085B82BC9437300A5E27B /* FirebaseFunctionsCombine-Community */,
				E89085BA2BC9437300A5E27B /* FirebaseInAppMessaging-Beta */,
				E89085BC2BC9437300A5E27B /* FirebaseInAppMessagingSwift-Beta */,
				E89085BE2BC9437300A5E27B /* FirebaseInstallations */,
				E89085C02BC9437300A5E27B /* FirebaseMLModelDownloader */,
				E89085C22BC9437300A5E27B /* FirebaseMessaging */,
				E89085C42BC9437300A5E27B /* FirebasePerformance */,
				E89085C62BC9437300A5E27B /* FirebaseRemoteConfig */,
				E89085C82BC9437300A5E27B /* FirebaseRemoteConfigSwift */,
				E89085CA2BC9437300A5E27B /* FirebaseStorage */,
				E89085CC2BC9437300A5E27B /* FirebaseStorageCombine-Community */,
			);
			productName = ChatApp;
			productReference = 22F00B95278CE6DA00F23D14 /* ChatApp.app */;
			productType = "com.apple.product-type.application";
		};
/* End PBXNativeTarget section */

/* Begin PBXProject section */
		22F00B8D278CE6DA00F23D14 /* Project object */ = {
			isa = PBXProject;
			attributes = {
				BuildIndependentTargetsInParallel = 1;
				LastSwiftUpdateCheck = 1320;
				LastUpgradeCheck = 1320;
				TargetAttributes = {
					22F00B94278CE6DA00F23D14 = {
						CreatedOnToolsVersion = 13.2.1;
					};
				};
			};
			buildConfigurationList = 22F00B90278CE6DA00F23D14 /* Build configuration list for PBXProject "ChatApp" */;
			compatibilityVersion = "Xcode 13.0";
			developmentRegion = en;
			hasScannedForEncodings = 0;
			knownRegions = (
				en,
				Base,
			);
			mainGroup = 22F00B8C278CE6DA00F23D14;
			packageReferences = (
				E89085972BC9437300A5E27B /* XCRemoteSwiftPackageReference "firebase-ios-sdk" */,
			);
			productRefGroup = 22F00B96278CE6DA00F23D14 /* Products */;
			projectDirPath = "";
			projectRoot = "";
			targets = (
				22F00B94278CE6DA00F23D14 /* ChatApp */,
			);
		};
/* End PBXProject section */

/* Begin PBXResourcesBuildPhase section */
		22F00B93278CE6DA00F23D14 /* Resources */ = {
			isa = PBXResourcesBuildPhase;
			buildActionMask = 2147483647;
			files = (
				22F00BA0278CE6DB00F23D14 /* Preview Assets.xcassets in Resources */,
				22F00B9D278CE6DB00F23D14 /* Assets.xcassets in Resources */,
				E84067462BC93E4900BA6CDC /* GoogleService-Info.plist in Resources */,
			);
			runOnlyForDeploymentPostprocessing = 0;
		};
/* End PBXResourcesBuildPhase section */

/* Begin PBXSourcesBuildPhase section */
		22F00B91278CE6DA00F23D14 /* Sources */ = {
			isa = PBXSourcesBuildPhase;
			buildActionMask = 2147483647;
			files = (
				22F00B9B278CE6DA00F23D14 /* ContentView.swift in Sources */,
				221431E0278DDD54005695C1 /* Message.swift in Sources */,
				221431DD278DDA09005695C1 /* MessageBubble.swift in Sources */,
				221431ED278E36C0005695C1 /* MessagesManager.swift in Sources */,
				221431E2278DE0F4005695C1 /* TitleRow.swift in Sources */,
				221431E4278DEA66005695C1 /* MessageField.swift in Sources */,
				22F00B99278CE6DA00F23D14 /* ChatAppApp.swift in Sources */,
				221431E6278DF4FF005695C1 /* Extensions.swift in Sources */,
			);
			runOnlyForDeploymentPostprocessing = 0;
		};
/* End PBXSourcesBuildPhase section */

/* Begin XCBuildConfiguration section */
		22F00BA1278CE6DB00F23D14 /* Debug */ = {
			isa = XCBuildConfiguration;
			buildSettings = {
				ALWAYS_SEARCH_USER_PATHS = NO;
				CLANG_ANALYZER_NONNULL = YES;
				CLANG_ANALYZER_NUMBER_OBJECT_CONVERSION = YES_AGGRESSIVE;
				CLANG_CXX_LANGUAGE_STANDARD = "gnu++17";
				CLANG_CXX_LIBRARY = "libc++";
				CLANG_ENABLE_MODULES = YES;
				CLANG_ENABLE_OBJC_ARC = YES;
				CLANG_ENABLE_OBJC_WEAK = YES;
				CLANG_WARN_BLOCK_CAPTURE_AUTORELEASING = YES;
				CLANG_WARN_BOOL_CONVERSION = YES;
				CLANG_WARN_COMMA = YES;
				CLANG_WARN_CONSTANT_CONVERSION = YES;
				CLANG_WARN_DEPRECATED_OBJC_IMPLEMENTATIONS = YES;
				CLANG_WARN_DIRECT_OBJC_ISA_USAGE = YES_ERROR;
				CLANG_WARN_DOCUMENTATION_COMMENTS = YES;
				CLANG_WARN_EMPTY_BODY = YES;
				CLANG_WARN_ENUM_CONVERSION = YES;
				CLANG_WARN_INFINITE_RECURSION = YES;
				CLANG_WARN_INT_CONVERSION = YES;
				CLANG_WARN_NON_LITERAL_NULL_CONVERSION = YES;
				CLANG_WARN_OBJC_IMPLICIT_RETAIN_SELF = YES;
				CLANG_WARN_OBJC_LITERAL_CONVERSION = YES;
				CLANG_WARN_OBJC_ROOT_CLASS = YES_ERROR;
				CLANG_WARN_QUOTED_INCLUDE_IN_FRAMEWORK_HEADER = YES;
				CLANG_WARN_RANGE_LOOP_ANALYSIS = YES;
				CLANG_WARN_STRICT_PROTOTYPES = YES;
				CLANG_WARN_SUSPICIOUS_MOVE = YES;
				CLANG_WARN_UNGUARDED_AVAILABILITY = YES_AGGRESSIVE;
				CLANG_WARN_UNREACHABLE_CODE = YES;
				CLANG_WARN__DUPLICATE_METHOD_MATCH = YES;
				COPY_PHASE_STRIP = NO;
				DEBUG_INFORMATION_FORMAT = dwarf;
				ENABLE_STRICT_OBJC_MSGSEND = YES;
				ENABLE_TESTABILITY = YES;
				GCC_C_LANGUAGE_STANDARD = gnu11;
				GCC_DYNAMIC_NO_PIC = NO;
				GCC_NO_COMMON_BLOCKS = YES;
				GCC_OPTIMIZATION_LEVEL = 0;
				GCC_PREPROCESSOR_DEFINITIONS = (
					"DEBUG=1",
					"$(inherited)",
				);
				GCC_WARN_64_TO_32_BIT_CONVERSION = YES;
				GCC_WARN_ABOUT_RETURN_TYPE = YES_ERROR;
				GCC_WARN_UNDECLARED_SELECTOR = YES;
				GCC_WARN_UNINITIALIZED_AUTOS = YES_AGGRESSIVE;
				GCC_WARN_UNUSED_FUNCTION = YES;
				GCC_WARN_UNUSED_VARIABLE = YES;
				IPHONEOS_DEPLOYMENT_TARGET = 15.2;
				MTL_ENABLE_DEBUG_INFO = INCLUDE_SOURCE;
				MTL_FAST_MATH = YES;
				ONLY_ACTIVE_ARCH = YES;
				SDKROOT = iphoneos;
				SWIFT_ACTIVE_COMPILATION_CONDITIONS = DEBUG;
				SWIFT_OPTIMIZATION_LEVEL = "-Onone";
			};
			name = Debug;
		};
		22F00BA2278CE6DB00F23D14 /* Release */ = {
			isa = XCBuildConfiguration;
			buildSettings = {
				ALWAYS_SEARCH_USER_PATHS = NO;
				CLANG_ANALYZER_NONNULL = YES;
				CLANG_ANALYZER_NUMBER_OBJECT_CONVERSION = YES_AGGRESSIVE;
				CLANG_CXX_LANGUAGE_STANDARD = "gnu++17";
				CLANG_CXX_LIBRARY = "libc++";
				CLANG_ENABLE_MODULES = YES;
				CLANG_ENABLE_OBJC_ARC = YES;
				CLANG_ENABLE_OBJC_WEAK = YES;
				CLANG_WARN_BLOCK_CAPTURE_AUTORELEASING = YES;
				CLANG_WARN_BOOL_CONVERSION = YES;
				CLANG_WARN_COMMA = YES;
				CLANG_WARN_CONSTANT_CONVERSION = YES;
				CLANG_WARN_DEPRECATED_OBJC_IMPLEMENTATIONS = YES;
				CLANG_WARN_DIRECT_OBJC_ISA_USAGE = YES_ERROR;
				CLANG_WARN_DOCUMENTATION_COMMENTS = YES;
				CLANG_WARN_EMPTY_BODY = YES;
				CLANG_WARN_ENUM_CONVERSION = YES;
				CLANG_WARN_INFINITE_RECURSION = YES;
				CLANG_WARN_INT_CONVERSION = YES;
				CLANG_WARN_NON_LITERAL_NULL_CONVERSION = YES;
				CLANG_WARN_OBJC_IMPLICIT_RETAIN_SELF = YES;
				CLANG_WARN_OBJC_LITERAL_CONVERSION = YES;
				CLANG_WARN_OBJC_ROOT_CLASS = YES_ERROR;
				CLANG_WARN_QUOTED_INCLUDE_IN_FRAMEWORK_HEADER = YES;
				CLANG_WARN_RANGE_LOOP_ANALYSIS = YES;
				CLANG_WARN_STRICT_PROTOTYPES = YES;
				CLANG_WARN_SUSPICIOUS_MOVE = YES;
				CLANG_WARN_UNGUARDED_AVAILABILITY = YES_AGGRESSIVE;
				CLANG_WARN_UNREACHABLE_CODE = YES;
				CLANG_WARN__DUPLICATE_METHOD_MATCH = YES;
				COPY_PHASE_STRIP = NO;
				DEBUG_INFORMATION_FORMAT = "dwarf-with-dsym";
				ENABLE_NS_ASSERTIONS = NO;
				ENABLE_STRICT_OBJC_MSGSEND = YES;
				GCC_C_LANGUAGE_STANDARD = gnu11;
				GCC_NO_COMMON_BLOCKS = YES;
				GCC_WARN_64_TO_32_BIT_CONVERSION = YES;
				GCC_WARN_ABOUT_RETURN_TYPE = YES_ERROR;
				GCC_WARN_UNDECLARED_SELECTOR = YES;
				GCC_WARN_UNINITIALIZED_AUTOS = YES_AGGRESSIVE;
				GCC_WARN_UNUSED_FUNCTION = YES;
				GCC_WARN_UNUSED_VARIABLE = YES;
				IPHONEOS_DEPLOYMENT_TARGET = 15.2;
				MTL_ENABLE_DEBUG_INFO = NO;
				MTL_FAST_MATH = YES;
				SDKROOT = iphoneos;
				SWIFT_COMPILATION_MODE = wholemodule;
				SWIFT_OPTIMIZATION_LEVEL = "-O";
				VALIDATE_PRODUCT = YES;
			};
			name = Release;
		};
		22F00BA4278CE6DB00F23D14 /* Debug */ = {
			isa = XCBuildConfiguration;
			buildSettings = {
				ASSETCATALOG_COMPILER_APPICON_NAME = AppIcon;
				ASSETCATALOG_COMPILER_GLOBAL_ACCENT_COLOR_NAME = AccentColor;
				CODE_SIGN_STYLE = Automatic;
				CURRENT_PROJECT_VERSION = 1;
				DEVELOPMENT_ASSET_PATHS = "\"ChatApp/Preview Content\"";
				DEVELOPMENT_TEAM = 68WS2M23VC;
				ENABLE_PREVIEWS = YES;
				GENERATE_INFOPLIST_FILE = YES;
				INFOPLIST_KEY_UIApplicationSceneManifest_Generation = YES;
				INFOPLIST_KEY_UIApplicationSupportsIndirectInputEvents = YES;
				INFOPLIST_KEY_UILaunchScreen_Generation = YES;
				INFOPLIST_KEY_UISupportedInterfaceOrientations_iPad = "UIInterfaceOrientationPortrait UIInterfaceOrientationPortraitUpsideDown UIInterfaceOrientationLandscapeLeft UIInterfaceOrientationLandscapeRight";
				INFOPLIST_KEY_UISupportedInterfaceOrientations_iPhone = "UIInterfaceOrientationPortrait UIInterfaceOrientationLandscapeLeft UIInterfaceOrientationLandscapeRight";
				LD_RUNPATH_SEARCH_PATHS = (
					"$(inherited)",
					"@executable_path/Frameworks",
				);
				MARKETING_VERSION = 1.0;
				PRODUCT_BUNDLE_IDENTIFIER = io.designcode.ChatApp;
				PRODUCT_NAME = "$(TARGET_NAME)";
				SWIFT_EMIT_LOC_STRINGS = YES;
				SWIFT_VERSION = 5.0;
				TARGETED_DEVICE_FAMILY = "1,2";
			};
			name = Debug;
		};
		22F00BA5278CE6DB00F23D14 /* Release */ = {
			isa = XCBuildConfiguration;
			buildSettings = {
				ASSETCATALOG_COMPILER_APPICON_NAME = AppIcon;
				ASSETCATALOG_COMPILER_GLOBAL_ACCENT_COLOR_NAME = AccentColor;
				CODE_SIGN_STYLE = Automatic;
				CURRENT_PROJECT_VERSION = 1;
				DEVELOPMENT_ASSET_PATHS = "\"ChatApp/Preview Content\"";
				DEVELOPMENT_TEAM = 68WS2M23VC;
				ENABLE_PREVIEWS = YES;
				GENERATE_INFOPLIST_FILE = YES;
				INFOPLIST_KEY_UIApplicationSceneManifest_Generation = YES;
				INFOPLIST_KEY_UIApplicationSupportsIndirectInputEvents = YES;
				INFOPLIST_KEY_UILaunchScreen_Generation = YES;
				INFOPLIST_KEY_UISupportedInterfaceOrientations_iPad = "UIInterfaceOrientationPortrait UIInterfaceOrientationPortraitUpsideDown UIInterfaceOrientationLandscapeLeft UIInterfaceOrientationLandscapeRight";
				INFOPLIST_KEY_UISupportedInterfaceOrientations_iPhone = "UIInterfaceOrientationPortrait UIInterfaceOrientationLandscapeLeft UIInterfaceOrientationLandscapeRight";
				LD_RUNPATH_SEARCH_PATHS = (
					"$(inherited)",
					"@executable_path/Frameworks",
				);
				MARKETING_VERSION = 1.0;
				PRODUCT_BUNDLE_IDENTIFIER = io.designcode.ChatApp;
				PRODUCT_NAME = "$(TARGET_NAME)";
				SWIFT_EMIT_LOC_STRINGS = YES;
				SWIFT_VERSION = 5.0;
				TARGETED_DEVICE_FAMILY = "1,2";
			};
			name = Release;
		};
/* End XCBuildConfiguration section */

/* Begin XCConfigurationList section */
		22F00B90278CE6DA00F23D14 /* Build configuration list for PBXProject "ChatApp" */ = {
			isa = XCConfigurationList;
			buildConfigurations = (
				22F00BA1278CE6DB00F23D14 /* Debug */,
				22F00BA2278CE6DB00F23D14 /* Release */,
			);
			defaultConfigurationIsVisible = 0;
			defaultConfigurationName = Release;
		};
		22F00BA3278CE6DB00F23D14 /* Build configuration list for PBXNativeTarget "ChatApp" */ = {
			isa = XCConfigurationList;
			buildConfigurations = (
				22F00BA4278CE6DB00F23D14 /* Debug */,
				22F00BA5278CE6DB00F23D14 /* Release */,
			);
			defaultConfigurationIsVisible = 0;
			defaultConfigurationName = Release;
		};
/* End XCConfigurationList section */

/* Begin XCRemoteSwiftPackageReference section */
		E89085972BC9437300A5E27B /* XCRemoteSwiftPackageReference "firebase-ios-sdk" */ = {
			isa = XCRemoteSwiftPackageReference;
			repositoryURL = "https://github.com/firebase/firebase-ios-sdk";
			requirement = {
				kind = upToNextMajorVersion;
				minimumVersion = 10.24.0;
			};
		};
/* End XCRemoteSwiftPackageReference section */

/* Begin XCSwiftPackageProductDependency section */
		E89085982BC9437300A5E27B /* FirebaseAnalytics */ = {
			isa = XCSwiftPackageProductDependency;
			package = E89085972BC9437300A5E27B /* XCRemoteSwiftPackageReference "firebase-ios-sdk" */;
			productName = FirebaseAnalytics;
		};
		E890859A2BC9437300A5E27B /* FirebaseAnalyticsOnDeviceConversion */ = {
			isa = XCSwiftPackageProductDependency;
			package = E89085972BC9437300A5E27B /* XCRemoteSwiftPackageReference "firebase-ios-sdk" */;
			productName = FirebaseAnalyticsOnDeviceConversion;
		};
		E890859C2BC9437300A5E27B /* FirebaseAnalyticsSwift */ = {
			isa = XCSwiftPackageProductDependency;
			package = E89085972BC9437300A5E27B /* XCRemoteSwiftPackageReference "firebase-ios-sdk" */;
			productName = FirebaseAnalyticsSwift;
		};
		E890859E2BC9437300A5E27B /* FirebaseAnalyticsWithoutAdIdSupport */ = {
			isa = XCSwiftPackageProductDependency;
			package = E89085972BC9437300A5E27B /* XCRemoteSwiftPackageReference "firebase-ios-sdk" */;
			productName = FirebaseAnalyticsWithoutAdIdSupport;
		};
		E89085A02BC9437300A5E27B /* FirebaseAppCheck */ = {
			isa = XCSwiftPackageProductDependency;
			package = E89085972BC9437300A5E27B /* XCRemoteSwiftPackageReference "firebase-ios-sdk" */;
			productName = FirebaseAppCheck;
		};
		E89085A22BC9437300A5E27B /* FirebaseAppDistribution-Beta */ = {
			isa = XCSwiftPackageProductDependency;
			package = E89085972BC9437300A5E27B /* XCRemoteSwiftPackageReference "firebase-ios-sdk" */;
			productName = "FirebaseAppDistribution-Beta";
		};
		E89085A42BC9437300A5E27B /* FirebaseAuth */ = {
			isa = XCSwiftPackageProductDependency;
			package = E89085972BC9437300A5E27B /* XCRemoteSwiftPackageReference "firebase-ios-sdk" */;
			productName = FirebaseAuth;
		};
		E89085A62BC9437300A5E27B /* FirebaseAuthCombine-Community */ = {
			isa = XCSwiftPackageProductDependency;
			package = E89085972BC9437300A5E27B /* XCRemoteSwiftPackageReference "firebase-ios-sdk" */;
			productName = "FirebaseAuthCombine-Community";
		};
		E89085A82BC9437300A5E27B /* FirebaseCrashlytics */ = {
			isa = XCSwiftPackageProductDependency;
			package = E89085972BC9437300A5E27B /* XCRemoteSwiftPackageReference "firebase-ios-sdk" */;
			productName = FirebaseCrashlytics;
		};
		E89085AA2BC9437300A5E27B /* FirebaseDatabase */ = {
			isa = XCSwiftPackageProductDependency;
			package = E89085972BC9437300A5E27B /* XCRemoteSwiftPackageReference "firebase-ios-sdk" */;
			productName = FirebaseDatabase;
		};
		E89085AC2BC9437300A5E27B /* FirebaseDatabaseSwift */ = {
			isa = XCSwiftPackageProductDependency;
			package = E89085972BC9437300A5E27B /* XCRemoteSwiftPackageReference "firebase-ios-sdk" */;
			productName = FirebaseDatabaseSwift;
		};
		E89085AE2BC9437300A5E27B /* FirebaseDynamicLinks */ = {
			isa = XCSwiftPackageProductDependency;
			package = E89085972BC9437300A5E27B /* XCRemoteSwiftPackageReference "firebase-ios-sdk" */;
			productName = FirebaseDynamicLinks;
		};
		E89085B02BC9437300A5E27B /* FirebaseFirestore */ = {
			isa = XCSwiftPackageProductDependency;
			package = E89085972BC9437300A5E27B /* XCRemoteSwiftPackageReference "firebase-ios-sdk" */;
			productName = FirebaseFirestore;
		};
		E89085B22BC9437300A5E27B /* FirebaseFirestoreCombine-Community */ = {
			isa = XCSwiftPackageProductDependency;
			package = E89085972BC9437300A5E27B /* XCRemoteSwiftPackageReference "firebase-ios-sdk" */;
			productName = "FirebaseFirestoreCombine-Community";
		};
		E89085B42BC9437300A5E27B /* FirebaseFirestoreSwift */ = {
			isa = XCSwiftPackageProductDependency;
			package = E89085972BC9437300A5E27B /* XCRemoteSwiftPackageReference "firebase-ios-sdk" */;
			productName = FirebaseFirestoreSwift;
		};
		E89085B62BC9437300A5E27B /* FirebaseFunctions */ = {
			isa = XCSwiftPackageProductDependency;
			package = E89085972BC9437300A5E27B /* XCRemoteSwiftPackageReference "firebase-ios-sdk" */;
			productName = FirebaseFunctions;
		};
		E89085B82BC9437300A5E27B /* FirebaseFunctionsCombine-Community */ = {
			isa = XCSwiftPackageProductDependency;
			package = E89085972BC9437300A5E27B /* XCRemoteSwiftPackageReference "firebase-ios-sdk" */;
			productName = "FirebaseFunctionsCombine-Community";
		};
		E89085BA2BC9437300A5E27B /* FirebaseInAppMessaging-Beta */ = {
			isa = XCSwiftPackageProductDependency;
			package = E89085972BC9437300A5E27B /* XCRemoteSwiftPackageReference "firebase-ios-sdk" */;
			productName = "FirebaseInAppMessaging-Beta";
		};
		E89085BC2BC9437300A5E27B /* FirebaseInAppMessagingSwift-Beta */ = {
			isa = XCSwiftPackageProductDependency;
			package = E89085972BC9437300A5E27B /* XCRemoteSwiftPackageReference "firebase-ios-sdk" */;
			productName = "FirebaseInAppMessagingSwift-Beta";
		};
		E89085BE2BC9437300A5E27B /* FirebaseInstallations */ = {
			isa = XCSwiftPackageProductDependency;
			package = E89085972BC9437300A5E27B /* XCRemoteSwiftPackageReference "firebase-ios-sdk" */;
			productName = FirebaseInstallations;
		};
		E89085C02BC9437300A5E27B /* FirebaseMLModelDownloader */ = {
			isa = XCSwiftPackageProductDependency;
			package = E89085972BC9437300A5E27B /* XCRemoteSwiftPackageReference "firebase-ios-sdk" */;
			productName = FirebaseMLModelDownloader;
		};
		E89085C22BC9437300A5E27B /* FirebaseMessaging */ = {
			isa = XCSwiftPackageProductDependency;
			package = E89085972BC9437300A5E27B /* XCRemoteSwiftPackageReference "firebase-ios-sdk" */;
			productName = FirebaseMessaging;
		};
		E89085C42BC9437300A5E27B /* FirebasePerformance */ = {
			isa = XCSwiftPackageProductDependency;
			package = E89085972BC9437300A5E27B /* XCRemoteSwiftPackageReference "firebase-ios-sdk" */;
			productName = FirebasePerformance;
		};
		E89085C62BC9437300A5E27B /* FirebaseRemoteConfig */ = {
			isa = XCSwiftPackageProductDependency;
			package = E89085972BC9437300A5E27B /* XCRemoteSwiftPackageReference "firebase-ios-sdk" */;
			productName = FirebaseRemoteConfig;
		};
		E89085C82BC9437300A5E27B /* FirebaseRemoteConfigSwift */ = {
			isa = XCSwiftPackageProductDependency;
			package = E89085972BC9437300A5E27B /* XCRemoteSwiftPackageReference "firebase-ios-sdk" */;
			productName = FirebaseRemoteConfigSwift;
		};
		E89085CA2BC9437300A5E27B /* FirebaseStorage */ = {
			isa = XCSwiftPackageProductDependency;
			package = E89085972BC9437300A5E27B /* XCRemoteSwiftPackageReference "firebase-ios-sdk" */;
			productName = FirebaseStorage;
		};
		E89085CC2BC9437300A5E27B /* FirebaseStorageCombine-Community */ = {
			isa = XCSwiftPackageProductDependency;
			package = E89085972BC9437300A5E27B /* XCRemoteSwiftPackageReference "firebase-ios-sdk" */;
			productName = "FirebaseStorageCombine-Community";
		};
/* End XCSwiftPackageProductDependency section */
	};
	rootObject = 22F00B8D278CE6DA00F23D14 /* Project object */;
}
